
Microsoft Visual Studio Solution File, Format Version 12.00
# Visual Studio Version 17
VisualStudioVersion = 17.5.002.0
MinimumVisualStudioVersion = 10.0.40219.1
Project("{2150E333-8FDC-42A3-9474-1A3956D46DE8}") = "Back", "Back", "{48779CDF-A4A3-4CC7-AB66-CF6A5DFEE55F}"
EndProject
Project("{2150E333-8FDC-42A3-9474-1A3956D46DE8}") = "src", "src", "{377D1865-32C0-4D76-B5D6-70C6D76998CF}"
EndProject
Project("{9A19103F-16F7-4668-BE54-9A1E7A4F7556}") = "ProEventos.API", "Back\src\ProEventos.API\ProEventos.API.csproj", "{AF77C9DA-BB39-42C2-873E-A19FC9287E62}"
EndProject
Global
	GlobalSection(SolutionConfigurationPlatforms) = preSolution
		Debug|Any CPU = Debug|Any CPU
		Release|Any CPU = Release|Any CPU
	EndGlobalSection
	GlobalSection(ProjectConfigurationPlatforms) = postSolution
		{AF77C9DA-BB39-42C2-873E-A19FC9287E62}.Debug|Any CPU.ActiveCfg = Debug|Any CPU
		{AF77C9DA-BB39-42C2-873E-A19FC9287E62}.Debug|Any CPU.Build.0 = Debug|Any CPU
		{AF77C9DA-BB39-42C2-873E-A19FC9287E62}.Release|Any CPU.ActiveCfg = Release|Any CPU
		{AF77C9DA-BB39-42C2-873E-A19FC9287E62}.Release|Any CPU.Build.0 = Release|Any CPU
	EndGlobalSection
	GlobalSection(SolutionProperties) = preSolution
		HideSolutionNode = FALSE
	EndGlobalSection
	GlobalSection(NestedProjects) = preSolution
		{377D1865-32C0-4D76-B5D6-70C6D76998CF} = {48779CDF-A4A3-4CC7-AB66-CF6A5DFEE55F}
		{AF77C9DA-BB39-42C2-873E-A19FC9287E62} = {377D1865-32C0-4D76-B5D6-70C6D76998CF}
	EndGlobalSection
	GlobalSection(ExtensibilityGlobals) = postSolution
		SolutionGuid = {AE9A1714-7856-4562-A41B-1DE3A4186B0C}
	EndGlobalSection
EndGlobal
